<?xml version="1.0" encoding="utf-8"?>
<Project ToolsVersion="4.0" xmlns="http://schemas.microsoft.com/developer/msbuild/2003">
  <ItemGroup>
    <Filter Include="소스 파일">
      <UniqueIdentifier>{4FC737F1-C7A5-4376-A066-2A32D752A2FF}</UniqueIdentifier>
      <Extensions>cpp;c;cc;cxx;c++;cppm;ixx;def;odl;idl;hpj;bat;asm;asmx</Extensions>
    </Filter>
    <Filter Include="헤더 파일">
      <UniqueIdentifier>{93995380-89BD-4b04-88EB-625FBE52EBFB}</UniqueIdentifier>
      <Extensions>h;hh;hpp;hxx;h++;hm;inl;inc;ipp;xsd</Extensions>
    </Filter>
    <Filter Include="리소스 파일">
      <UniqueIdentifier>{67DA6AB6-F800-4c08-8B7A-83BB121AAD01}</UniqueIdentifier>
      <Extensions>rc;ico;cur;bmp;dlg;rc2;rct;bin;rgs;gif;jpg;jpeg;jpe;resx;tiff;tif;png;wav;mfcribbon-ms</Extensions>
    </Filter>
    <Filter Include="shaders">
      <UniqueIdentifier>{d9a7429b-c8e6-418c-a979-74f265a09d26}</UniqueIdentifier>
    </Filter>
  </ItemGroup>
  <ItemGroup>
    <None Include="Data\layout_input_data_old_format.csv">
      <Filter>리소스 파일</Filter>
    </None>
    <None Include="Data\layout_input_data.csv">
      <Filter>리소스 파일</Filter>
    </None>
    <None Include="Data\MVP_PEX_RC_r1_0130.csv">
      <Filter>리소스 파일</Filter>
    </None>
    <None Include="shaders\compile.bat">
      <Filter>shaders</Filter>
    </None>
    <None Include="shaders\simple_shader.frag">
      <Filter>shaders</Filter>
    </None>
    <None Include="shaders\simple_shader.vert">
      <Filter>shaders</Filter>
    </None>
    <None Include="shaders\simple_shader_edge.frag">
      <Filter>shaders</Filter>
    </None>
    <None Include="shaders\simple_shader_edge.vert">
      <Filter>shaders</Filter>
    </None>
  </ItemGroup>
  <ItemGroup>
    <ClCompile Include="Src\first_app.cpp">
      <Filter>소스 파일</Filter>
    </ClCompile>
    <ClCompile Include="Src\keyboard_movement_controller.cpp">
      <Filter>소스 파일</Filter>
    </ClCompile>
    <ClCompile Include="Src\PEXData.cpp">
      <Filter>소스 파일</Filter>
    </ClCompile>
    <ClCompile Include="Src\lve_camera.cpp">
      <Filter>소스 파일</Filter>
    </ClCompile>
    <ClCompile Include="Src\lve_device.cpp">
      <Filter>소스 파일</Filter>
    </ClCompile>
    <ClCompile Include="Src\lve_model.cpp">
      <Filter>소스 파일</Filter>
    </ClCompile>
    <ClCompile Include="Src\lve_pipeline.cpp">
      <Filter>소스 파일</Filter>
    </ClCompile>
    <ClCompile Include="Src\lve_renderer.cpp">
      <Filter>소스 파일</Filter>
    </ClCompile>
    <ClCompile Include="Src\lve_swap_chain.cpp">
      <Filter>소스 파일</Filter>
    </ClCompile>
    <ClCompile Include="Src\lve_window.cpp">
      <Filter>소스 파일</Filter>
    </ClCompile>
    <ClCompile Include="Src\main.cpp">
      <Filter>소스 파일</Filter>
    </ClCompile>
    <ClCompile Include="Src\simple_render_system.cpp">
      <Filter>소스 파일</Filter>
    </ClCompile>
    <ClCompile Include="Src\LayoutModel.cpp">
      <Filter>소스 파일</Filter>
    </ClCompile>
    <ClCompile Include="Src\PEXCapacitorModel.cpp">
      <Filter>소스 파일</Filter>
    </ClCompile>
    <ClCompile Include="Src\PEXResistorModel.cpp">
      <Filter>소스 파일</Filter>
    </ClCompile>
    <ClCompile Include="Src\LayoutData.cpp">
      <Filter>소스 파일</Filter>
    </ClCompile>
  </ItemGroup>
  <ItemGroup>
    <ClInclude Include="Src\LayoutPEXData.h">
      <Filter>헤더 파일</Filter>
    </ClInclude>
    <ClInclude Include="Src\rapidcsv.h">
      <Filter>헤더 파일</Filter>
    </ClInclude>
    <ClInclude Include="Src\utils.h">
      <Filter>헤더 파일</Filter>
    </ClInclude>
    <ClInclude Include="Src\first_app.hpp">
      <Filter>헤더 파일</Filter>
    </ClInclude>
    <ClInclude Include="Src\keyboard_movement_controller.hpp">
      <Filter>헤더 파일</Filter>
    </ClInclude>
    <ClInclude Include="Src\lve_camera.hpp">
      <Filter>헤더 파일</Filter>
    </ClInclude>
    <ClInclude Include="Src\lve_device.hpp">
      <Filter>헤더 파일</Filter>
    </ClInclude>
    <ClInclude Include="Src\lve_game_object.hpp">
      <Filter>헤더 파일</Filter>
    </ClInclude>
    <ClInclude Include="Src\lve_model.hpp">
      <Filter>헤더 파일</Filter>
    </ClInclude>
    <ClInclude Include="Src\lve_pipeline.hpp">
      <Filter>헤더 파일</Filter>
    </ClInclude>
    <ClInclude Include="Src\lve_renderer.hpp">
      <Filter>헤더 파일</Filter>
    </ClInclude>
    <ClInclude Include="Src\lve_swap_chain.hpp">
      <Filter>헤더 파일</Filter>
    </ClInclude>
    <ClInclude Include="Src\lve_window.hpp">
      <Filter>헤더 파일</Filter>
    </ClInclude>
    <ClInclude Include="Src\simple_render_system.hpp">
      <Filter>헤더 파일</Filter>
    </ClInclude>
    <ClInclude Include="Src\LayoutModel.h">
      <Filter>헤더 파일</Filter>
    </ClInclude>
    <ClInclude Include="Src\PEXCapacitorModel.h">
      <Filter>헤더 파일</Filter>
    </ClInclude>
    <ClInclude Include="Src\PEXResistorModel.h">
      <Filter>헤더 파일</Filter>
    </ClInclude>
  </ItemGroup>
</Project>